
Microsoft Visual Studio Solution File, Format Version 12.00
# Visual Studio Version 17
VisualStudioVersion = 17.3.32804.467
MinimumVisualStudioVersion = 10.0.40219.1
Project("{9A19103F-16F7-4668-BE54-9A1E7A4F7556}") = "CycloApp", "CycloApp.csproj", "{028924AF-E801-4F96-AB08-9640263549E6}"
EndProject
Global
	GlobalSection(SolutionConfigurationPlatforms) = preSolution
		Debug|Any CPU = Debug|Any CPU
		Release|Any CPU = Release|Any CPU
	EndGlobalSection
	GlobalSection(ProjectConfigurationPlatforms) = postSolution
		{028924AF-E801-4F96-AB08-9640263549E6}.Debug|Any CPU.ActiveCfg = Debug|Any CPU
		{028924AF-E801-4F96-AB08-9640263549E6}.Debug|Any CPU.Build.0 = Debug|Any CPU
		{028924AF-E801-4F96-AB08-9640263549E6}.Release|Any CPU.ActiveCfg = Release|Any CPU
		{028924AF-E801-4F96-AB08-9640263549E6}.Release|Any CPU.Build.0 = Release|Any CPU
	EndGlobalSection
	GlobalSection(SolutionProperties) = preSolution
		HideSolutionNode = FALSE
	EndGlobalSection
	GlobalSection(ExtensibilityGlobals) = postSolution
		SolutionGuid = {8B8CA2B6-5D1E-47E5-B0DA-260605BD3EDE}
	EndGlobalSection
EndGlobal
